
Microsoft Visual Studio Solution File, Format Version 12.00
# Visual Studio Version 17
VisualStudioVersion = 17.0.31903.59
MinimumVisualStudioVersion = 10.0.40219.1
Project("{2150E333-8FDC-42A3-9474-1A3956D46DE8}") = "src", "src", "{827E0CD3-B72D-47B6-A68D-7590B98EB39B}"
EndProject
Project("{2150E333-8FDC-42A3-9474-1A3956D46DE8}") = "apps", "apps", "{AD2A5A3B-A595-3E96-334A-002D08FE630C}"
EndProject
Project("{2150E333-8FDC-42A3-9474-1A3956D46DE8}") = "transportados", "transportados", "{1CD1D048-1538-3C47-C9CE-3A646DC9A60B}"
EndProject
Project("{2150E333-8FDC-42A3-9474-1A3956D46DE8}") = "frontend", "frontend", "{0688AFF2-BE7D-1C41-F5D4-768D7C5CB6D8}"
EndProject
Project("{FAE04EC0-301F-11D3-BF4B-00C04F79EFBC}") = "Transportados.Web", "src\apps\transportados\frontend\Transportados.Web\Transportados.Web.csproj", "{DA4D4FD2-6A33-46D4-9777-524B08381851}"
EndProject
Project("{2150E333-8FDC-42A3-9474-1A3956D46DE8}") = "tests", "tests", "{0AB3BF05-4346-4AA6-1389-037BE0695223}"
EndProject
Project("{2150E333-8FDC-42A3-9474-1A3956D46DE8}") = "transportados", "transportados", "{843C0074-D834-1957-A4FE-948202B0C835}"
EndProject
Project("{FAE04EC0-301F-11D3-BF4B-00C04F79EFBC}") = "Transportados.Web.Test", "tests\transportados\Transportados.Web.Test\Transportados.Web.Test.csproj", "{2CA5A1A3-2ED8-45FE-B537-91241B128444}"
EndProject
Project("{2150E333-8FDC-42A3-9474-1A3956D46DE8}") = "backend", "backend", "{5EBC8280-48F3-89E8-F3D7-7723E02A12F4}"
EndProject
Project("{FAE04EC0-301F-11D3-BF4B-00C04F79EFBC}") = "Transportados.Api", "src\apps\transportados\backend\Transportados.Api\Transportados.Api.csproj", "{D5B1BF7B-1874-45EF-926C-3138CB4AC9DC}"
EndProject
Project("{FAE04EC0-301F-11D3-BF4B-00C04F79EFBC}") = "Transportados.Contracts", "src\apps\transportados\backend\Transportados.Contracts\Transportados.Contracts.csproj", "{23742904-1C58-4EF6-A7BF-4F3EDF787006}"
EndProject
Project("{FAE04EC0-301F-11D3-BF4B-00C04F79EFBC}") = "Transportados.Domain", "src\apps\transportados\backend\Transportados.Domain\Transportados.Domain.csproj", "{80FE7271-6278-449F-B409-4F803E511BD7}"
EndProject
Project("{FAE04EC0-301F-11D3-BF4B-00C04F79EFBC}") = "Transportados.Persistence", "src\apps\transportados\backend\Transportados.Persistence\Transportados.Persistence.csproj", "{D21E9CFE-745F-432F-9653-8C2C360853D6}"
EndProject
Project("{FAE04EC0-301F-11D3-BF4B-00C04F79EFBC}") = "Transportados.Backend.Test", "tests\transportados\Transportados.Backend.Test\Transportados.Backend.Test.csproj", "{0291E6B2-C61A-4614-A84A-B6136010667A}"
EndProject
Project("{FAE04EC0-301F-11D3-BF4B-00C04F79EFBC}") = "Transportados.Client", "src\apps\transportados\frontend\Transportados.Client\Transportados.Client.csproj", "{1102D850-A191-4441-A9E1-68B4AC45A073}"
EndProject
Project("{FAE04EC0-301F-11D3-BF4B-00C04F79EFBC}") = "Transportados.Mobile", "src\apps\transportados\frontend\Transportados.Mobile\Transportados.Mobile.csproj", "{11B46EE4-A4E3-4F0E-9EA9-E2F350AFD1A3}"
EndProject
Project("{2150E333-8FDC-42A3-9474-1A3956D46DE8}") = "shared", "shared", "{6A2001C4-B321-DDA6-5412-749E6B511495}"
EndProject
Project("{FAE04EC0-301F-11D3-BF4B-00C04F79EFBC}") = "Transportados.Platform.Core", "src\apps\transportados\shared\Transportados.Platform.Core\Transportados.Platform.Core.csproj", "{ACC81701-C926-4EB2-A221-91DD2D7D7BFA}"
EndProject
Project("{FAE04EC0-301F-11D3-BF4B-00C04F79EFBC}") = "Transportados.Platform.AspNetCore", "src\apps\transportados\shared\Transportados.Platform.AspNetCore\Transportados.Platform.AspNetCore.csproj", "{8CBA17D7-AE7C-4328-8C09-CB9B2331A78F}"
EndProject
Project("{FAE04EC0-301F-11D3-BF4B-00C04F79EFBC}") = "Transportados.Platform.EntityFramework", "src\apps\transportados\shared\Transportados.Platform.EntityFramework\Transportados.Platform.EntityFramework.csproj", "{CEDCD01C-CCAE-4D05-B150-76850256453A}"
EndProject
Project("{FAE04EC0-301F-11D3-BF4B-00C04F79EFBC}") = "Transportados.Platform.UI", "src\apps\transportados\shared\Transportados.Platform.UI\Transportados.Platform.UI.csproj", "{15ACCD64-7356-4289-9F59-9873030A1C01}"
EndProject
Global
	GlobalSection(SolutionConfigurationPlatforms) = preSolution
		Debug|Any CPU = Debug|Any CPU
		Debug|x64 = Debug|x64
		Debug|x86 = Debug|x86
		Release|Any CPU = Release|Any CPU
		Release|x64 = Release|x64
		Release|x86 = Release|x86
	EndGlobalSection
	GlobalSection(ProjectConfigurationPlatforms) = postSolution
		{DA4D4FD2-6A33-46D4-9777-524B08381851}.Debug|Any CPU.ActiveCfg = Debug|Any CPU
		{DA4D4FD2-6A33-46D4-9777-524B08381851}.Debug|Any CPU.Build.0 = Debug|Any CPU
		{DA4D4FD2-6A33-46D4-9777-524B08381851}.Debug|x64.ActiveCfg = Debug|Any CPU
		{DA4D4FD2-6A33-46D4-9777-524B08381851}.Debug|x64.Build.0 = Debug|Any CPU
		{DA4D4FD2-6A33-46D4-9777-524B08381851}.Debug|x86.ActiveCfg = Debug|Any CPU
		{DA4D4FD2-6A33-46D4-9777-524B08381851}.Debug|x86.Build.0 = Debug|Any CPU
		{DA4D4FD2-6A33-46D4-9777-524B08381851}.Release|Any CPU.ActiveCfg = Release|Any CPU
		{DA4D4FD2-6A33-46D4-9777-524B08381851}.Release|Any CPU.Build.0 = Release|Any CPU
		{DA4D4FD2-6A33-46D4-9777-524B08381851}.Release|x64.ActiveCfg = Release|Any CPU
		{DA4D4FD2-6A33-46D4-9777-524B08381851}.Release|x64.Build.0 = Release|Any CPU
		{DA4D4FD2-6A33-46D4-9777-524B08381851}.Release|x86.ActiveCfg = Release|Any CPU
		{DA4D4FD2-6A33-46D4-9777-524B08381851}.Release|x86.Build.0 = Release|Any CPU
		{2CA5A1A3-2ED8-45FE-B537-91241B128444}.Debug|Any CPU.ActiveCfg = Debug|Any CPU
		{2CA5A1A3-2ED8-45FE-B537-91241B128444}.Debug|Any CPU.Build.0 = Debug|Any CPU
		{2CA5A1A3-2ED8-45FE-B537-91241B128444}.Debug|x64.ActiveCfg = Debug|Any CPU
		{2CA5A1A3-2ED8-45FE-B537-91241B128444}.Debug|x64.Build.0 = Debug|Any CPU
		{2CA5A1A3-2ED8-45FE-B537-91241B128444}.Debug|x86.ActiveCfg = Debug|Any CPU
		{2CA5A1A3-2ED8-45FE-B537-91241B128444}.Debug|x86.Build.0 = Debug|Any CPU
		{2CA5A1A3-2ED8-45FE-B537-91241B128444}.Release|Any CPU.ActiveCfg = Release|Any CPU
		{2CA5A1A3-2ED8-45FE-B537-91241B128444}.Release|Any CPU.Build.0 = Release|Any CPU
		{2CA5A1A3-2ED8-45FE-B537-91241B128444}.Release|x64.ActiveCfg = Release|Any CPU
		{2CA5A1A3-2ED8-45FE-B537-91241B128444}.Release|x64.Build.0 = Release|Any CPU
		{2CA5A1A3-2ED8-45FE-B537-91241B128444}.Release|x86.ActiveCfg = Release|Any CPU
		{2CA5A1A3-2ED8-45FE-B537-91241B128444}.Release|x86.Build.0 = Release|Any CPU
		{D5B1BF7B-1874-45EF-926C-3138CB4AC9DC}.Debug|Any CPU.ActiveCfg = Debug|Any CPU
		{D5B1BF7B-1874-45EF-926C-3138CB4AC9DC}.Debug|Any CPU.Build.0 = Debug|Any CPU
		{D5B1BF7B-1874-45EF-926C-3138CB4AC9DC}.Debug|x64.ActiveCfg = Debug|Any CPU
		{D5B1BF7B-1874-45EF-926C-3138CB4AC9DC}.Debug|x64.Build.0 = Debug|Any CPU
		{D5B1BF7B-1874-45EF-926C-3138CB4AC9DC}.Debug|x86.ActiveCfg = Debug|Any CPU
		{D5B1BF7B-1874-45EF-926C-3138CB4AC9DC}.Debug|x86.Build.0 = Debug|Any CPU
		{D5B1BF7B-1874-45EF-926C-3138CB4AC9DC}.Release|Any CPU.ActiveCfg = Release|Any CPU
		{D5B1BF7B-1874-45EF-926C-3138CB4AC9DC}.Release|Any CPU.Build.0 = Release|Any CPU
		{D5B1BF7B-1874-45EF-926C-3138CB4AC9DC}.Release|x64.ActiveCfg = Release|Any CPU
		{D5B1BF7B-1874-45EF-926C-3138CB4AC9DC}.Release|x64.Build.0 = Release|Any CPU
		{D5B1BF7B-1874-45EF-926C-3138CB4AC9DC}.Release|x86.ActiveCfg = Release|Any CPU
		{D5B1BF7B-1874-45EF-926C-3138CB4AC9DC}.Release|x86.Build.0 = Release|Any CPU
		{23742904-1C58-4EF6-A7BF-4F3EDF787006}.Debug|Any CPU.ActiveCfg = Debug|Any CPU
		{23742904-1C58-4EF6-A7BF-4F3EDF787006}.Debug|Any CPU.Build.0 = Debug|Any CPU
		{23742904-1C58-4EF6-A7BF-4F3EDF787006}.Debug|x64.ActiveCfg = Debug|Any CPU
		{23742904-1C58-4EF6-A7BF-4F3EDF787006}.Debug|x64.Build.0 = Debug|Any CPU
		{23742904-1C58-4EF6-A7BF-4F3EDF787006}.Debug|x86.ActiveCfg = Debug|Any CPU
		{23742904-1C58-4EF6-A7BF-4F3EDF787006}.Debug|x86.Build.0 = Debug|Any CPU
		{23742904-1C58-4EF6-A7BF-4F3EDF787006}.Release|Any CPU.ActiveCfg = Release|Any CPU
		{23742904-1C58-4EF6-A7BF-4F3EDF787006}.Release|Any CPU.Build.0 = Release|Any CPU
		{23742904-1C58-4EF6-A7BF-4F3EDF787006}.Release|x64.ActiveCfg = Release|Any CPU
		{23742904-1C58-4EF6-A7BF-4F3EDF787006}.Release|x64.Build.0 = Release|Any CPU
		{23742904-1C58-4EF6-A7BF-4F3EDF787006}.Release|x86.ActiveCfg = Release|Any CPU
		{23742904-1C58-4EF6-A7BF-4F3EDF787006}.Release|x86.Build.0 = Release|Any CPU
		{80FE7271-6278-449F-B409-4F803E511BD7}.Debug|Any CPU.ActiveCfg = Debug|Any CPU
		{80FE7271-6278-449F-B409-4F803E511BD7}.Debug|Any CPU.Build.0 = Debug|Any CPU
		{80FE7271-6278-449F-B409-4F803E511BD7}.Debug|x64.ActiveCfg = Debug|Any CPU
		{80FE7271-6278-449F-B409-4F803E511BD7}.Debug|x64.Build.0 = Debug|Any CPU
		{80FE7271-6278-449F-B409-4F803E511BD7}.Debug|x86.ActiveCfg = Debug|Any CPU
		{80FE7271-6278-449F-B409-4F803E511BD7}.Debug|x86.Build.0 = Debug|Any CPU
		{80FE7271-6278-449F-B409-4F803E511BD7}.Release|Any CPU.ActiveCfg = Release|Any CPU
		{80FE7271-6278-449F-B409-4F803E511BD7}.Release|Any CPU.Build.0 = Release|Any CPU
		{80FE7271-6278-449F-B409-4F803E511BD7}.Release|x64.ActiveCfg = Release|Any CPU
		{80FE7271-6278-449F-B409-4F803E511BD7}.Release|x64.Build.0 = Release|Any CPU
		{80FE7271-6278-449F-B409-4F803E511BD7}.Release|x86.ActiveCfg = Release|Any CPU
		{80FE7271-6278-449F-B409-4F803E511BD7}.Release|x86.Build.0 = Release|Any CPU
		{D21E9CFE-745F-432F-9653-8C2C360853D6}.Debug|Any CPU.ActiveCfg = Debug|Any CPU
		{D21E9CFE-745F-432F-9653-8C2C360853D6}.Debug|Any CPU.Build.0 = Debug|Any CPU
		{D21E9CFE-745F-432F-9653-8C2C360853D6}.Debug|x64.ActiveCfg = Debug|Any CPU
		{D21E9CFE-745F-432F-9653-8C2C360853D6}.Debug|x64.Build.0 = Debug|Any CPU
		{D21E9CFE-745F-432F-9653-8C2C360853D6}.Debug|x86.ActiveCfg = Debug|Any CPU
		{D21E9CFE-745F-432F-9653-8C2C360853D6}.Debug|x86.Build.0 = Debug|Any CPU
		{D21E9CFE-745F-432F-9653-8C2C360853D6}.Release|Any CPU.ActiveCfg = Release|Any CPU
		{D21E9CFE-745F-432F-9653-8C2C360853D6}.Release|Any CPU.Build.0 = Release|Any CPU
		{D21E9CFE-745F-432F-9653-8C2C360853D6}.Release|x64.ActiveCfg = Release|Any CPU
		{D21E9CFE-745F-432F-9653-8C2C360853D6}.Release|x64.Build.0 = Release|Any CPU
		{D21E9CFE-745F-432F-9653-8C2C360853D6}.Release|x86.ActiveCfg = Release|Any CPU
		{D21E9CFE-745F-432F-9653-8C2C360853D6}.Release|x86.Build.0 = Release|Any CPU
		{0291E6B2-C61A-4614-A84A-B6136010667A}.Debug|Any CPU.ActiveCfg = Debug|Any CPU
		{0291E6B2-C61A-4614-A84A-B6136010667A}.Debug|Any CPU.Build.0 = Debug|Any CPU
		{0291E6B2-C61A-4614-A84A-B6136010667A}.Debug|x64.ActiveCfg = Debug|Any CPU
		{0291E6B2-C61A-4614-A84A-B6136010667A}.Debug|x64.Build.0 = Debug|Any CPU
		{0291E6B2-C61A-4614-A84A-B6136010667A}.Debug|x86.ActiveCfg = Debug|Any CPU
		{0291E6B2-C61A-4614-A84A-B6136010667A}.Debug|x86.Build.0 = Debug|Any CPU
		{0291E6B2-C61A-4614-A84A-B6136010667A}.Release|Any CPU.ActiveCfg = Release|Any CPU
		{0291E6B2-C61A-4614-A84A-B6136010667A}.Release|Any CPU.Build.0 = Release|Any CPU
		{0291E6B2-C61A-4614-A84A-B6136010667A}.Release|x64.ActiveCfg = Release|Any CPU
		{0291E6B2-C61A-4614-A84A-B6136010667A}.Release|x64.Build.0 = Release|Any CPU
		{0291E6B2-C61A-4614-A84A-B6136010667A}.Release|x86.ActiveCfg = Release|Any CPU
		{0291E6B2-C61A-4614-A84A-B6136010667A}.Release|x86.Build.0 = Release|Any CPU
		{1102D850-A191-4441-A9E1-68B4AC45A073}.Debug|Any CPU.ActiveCfg = Debug|Any CPU
		{1102D850-A191-4441-A9E1-68B4AC45A073}.Debug|Any CPU.Build.0 = Debug|Any CPU
		{1102D850-A191-4441-A9E1-68B4AC45A073}.Debug|x64.ActiveCfg = Debug|Any CPU
		{1102D850-A191-4441-A9E1-68B4AC45A073}.Debug|x64.Build.0 = Debug|Any CPU
		{1102D850-A191-4441-A9E1-68B4AC45A073}.Debug|x86.ActiveCfg = Debug|Any CPU
		{1102D850-A191-4441-A9E1-68B4AC45A073}.Debug|x86.Build.0 = Debug|Any CPU
		{1102D850-A191-4441-A9E1-68B4AC45A073}.Release|Any CPU.ActiveCfg = Release|Any CPU
		{1102D850-A191-4441-A9E1-68B4AC45A073}.Release|Any CPU.Build.0 = Release|Any CPU
		{1102D850-A191-4441-A9E1-68B4AC45A073}.Release|x64.ActiveCfg = Release|Any CPU
		{1102D850-A191-4441-A9E1-68B4AC45A073}.Release|x64.Build.0 = Release|Any CPU
		{1102D850-A191-4441-A9E1-68B4AC45A073}.Release|x86.ActiveCfg = Release|Any CPU
		{1102D850-A191-4441-A9E1-68B4AC45A073}.Release|x86.Build.0 = Release|Any CPU
		{11B46EE4-A4E3-4F0E-9EA9-E2F350AFD1A3}.Debug|Any CPU.ActiveCfg = Debug|Any CPU
		{11B46EE4-A4E3-4F0E-9EA9-E2F350AFD1A3}.Debug|Any CPU.Build.0 = Debug|Any CPU
		{11B46EE4-A4E3-4F0E-9EA9-E2F350AFD1A3}.Debug|x64.ActiveCfg = Debug|Any CPU
		{11B46EE4-A4E3-4F0E-9EA9-E2F350AFD1A3}.Debug|x64.Build.0 = Debug|Any CPU
		{11B46EE4-A4E3-4F0E-9EA9-E2F350AFD1A3}.Debug|x86.ActiveCfg = Debug|Any CPU
		{11B46EE4-A4E3-4F0E-9EA9-E2F350AFD1A3}.Debug|x86.Build.0 = Debug|Any CPU
		{11B46EE4-A4E3-4F0E-9EA9-E2F350AFD1A3}.Release|Any CPU.ActiveCfg = Release|Any CPU
		{11B46EE4-A4E3-4F0E-9EA9-E2F350AFD1A3}.Release|Any CPU.Build.0 = Release|Any CPU
		{11B46EE4-A4E3-4F0E-9EA9-E2F350AFD1A3}.Release|x64.ActiveCfg = Release|Any CPU
		{11B46EE4-A4E3-4F0E-9EA9-E2F350AFD1A3}.Release|x64.Build.0 = Release|Any CPU
		{11B46EE4-A4E3-4F0E-9EA9-E2F350AFD1A3}.Release|x86.ActiveCfg = Release|Any CPU
		{11B46EE4-A4E3-4F0E-9EA9-E2F350AFD1A3}.Release|x86.Build.0 = Release|Any CPU
		{ACC81701-C926-4EB2-A221-91DD2D7D7BFA}.Debug|Any CPU.ActiveCfg = Debug|Any CPU
		{ACC81701-C926-4EB2-A221-91DD2D7D7BFA}.Debug|Any CPU.Build.0 = Debug|Any CPU
		{ACC81701-C926-4EB2-A221-91DD2D7D7BFA}.Debug|x64.ActiveCfg = Debug|Any CPU
		{ACC81701-C926-4EB2-A221-91DD2D7D7BFA}.Debug|x64.Build.0 = Debug|Any CPU
		{ACC81701-C926-4EB2-A221-91DD2D7D7BFA}.Debug|x86.ActiveCfg = Debug|Any CPU
		{ACC81701-C926-4EB2-A221-91DD2D7D7BFA}.Debug|x86.Build.0 = Debug|Any CPU
		{ACC81701-C926-4EB2-A221-91DD2D7D7BFA}.Release|Any CPU.ActiveCfg = Release|Any CPU
		{ACC81701-C926-4EB2-A221-91DD2D7D7BFA}.Release|Any CPU.Build.0 = Release|Any CPU
		{ACC81701-C926-4EB2-A221-91DD2D7D7BFA}.Release|x64.ActiveCfg = Release|Any CPU
		{ACC81701-C926-4EB2-A221-91DD2D7D7BFA}.Release|x64.Build.0 = Release|Any CPU
		{ACC81701-C926-4EB2-A221-91DD2D7D7BFA}.Release|x86.ActiveCfg = Release|Any CPU
		{ACC81701-C926-4EB2-A221-91DD2D7D7BFA}.Release|x86.Build.0 = Release|Any CPU
		{8CBA17D7-AE7C-4328-8C09-CB9B2331A78F}.Debug|Any CPU.ActiveCfg = Debug|Any CPU
		{8CBA17D7-AE7C-4328-8C09-CB9B2331A78F}.Debug|Any CPU.Build.0 = Debug|Any CPU
		{8CBA17D7-AE7C-4328-8C09-CB9B2331A78F}.Debug|x64.ActiveCfg = Debug|Any CPU
		{8CBA17D7-AE7C-4328-8C09-CB9B2331A78F}.Debug|x64.Build.0 = Debug|Any CPU
		{8CBA17D7-AE7C-4328-8C09-CB9B2331A78F}.Debug|x86.ActiveCfg = Debug|Any CPU
		{8CBA17D7-AE7C-4328-8C09-CB9B2331A78F}.Debug|x86.Build.0 = Debug|Any CPU
		{8CBA17D7-AE7C-4328-8C09-CB9B2331A78F}.Release|Any CPU.ActiveCfg = Release|Any CPU
		{8CBA17D7-AE7C-4328-8C09-CB9B2331A78F}.Release|Any CPU.Build.0 = Release|Any CPU
		{8CBA17D7-AE7C-4328-8C09-CB9B2331A78F}.Release|x64.ActiveCfg = Release|Any CPU
		{8CBA17D7-AE7C-4328-8C09-CB9B2331A78F}.Release|x64.Build.0 = Release|Any CPU
		{8CBA17D7-AE7C-4328-8C09-CB9B2331A78F}.Release|x86.ActiveCfg = Release|Any CPU
		{8CBA17D7-AE7C-4328-8C09-CB9B2331A78F}.Release|x86.Build.0 = Release|Any CPU
		{CEDCD01C-CCAE-4D05-B150-76850256453A}.Debug|Any CPU.ActiveCfg = Debug|Any CPU
		{CEDCD01C-CCAE-4D05-B150-76850256453A}.Debug|Any CPU.Build.0 = Debug|Any CPU
		{CEDCD01C-CCAE-4D05-B150-76850256453A}.Debug|x64.ActiveCfg = Debug|Any CPU
		{CEDCD01C-CCAE-4D05-B150-76850256453A}.Debug|x64.Build.0 = Debug|Any CPU
		{CEDCD01C-CCAE-4D05-B150-76850256453A}.Debug|x86.ActiveCfg = Debug|Any CPU
		{CEDCD01C-CCAE-4D05-B150-76850256453A}.Debug|x86.Build.0 = Debug|Any CPU
		{CEDCD01C-CCAE-4D05-B150-76850256453A}.Release|Any CPU.ActiveCfg = Release|Any CPU
		{CEDCD01C-CCAE-4D05-B150-76850256453A}.Release|Any CPU.Build.0 = Release|Any CPU
		{CEDCD01C-CCAE-4D05-B150-76850256453A}.Release|x64.ActiveCfg = Release|Any CPU
		{CEDCD01C-CCAE-4D05-B150-76850256453A}.Release|x64.Build.0 = Release|Any CPU
		{CEDCD01C-CCAE-4D05-B150-76850256453A}.Release|x86.ActiveCfg = Release|Any CPU
		{CEDCD01C-CCAE-4D05-B150-76850256453A}.Release|x86.Build.0 = Release|Any CPU
		{15ACCD64-7356-4289-9F59-9873030A1C01}.Debug|Any CPU.ActiveCfg = Debug|Any CPU
		{15ACCD64-7356-4289-9F59-9873030A1C01}.Debug|Any CPU.Build.0 = Debug|Any CPU
		{15ACCD64-7356-4289-9F59-9873030A1C01}.Debug|x64.ActiveCfg = Debug|Any CPU
		{15ACCD64-7356-4289-9F59-9873030A1C01}.Debug|x64.Build.0 = Debug|Any CPU
		{15ACCD64-7356-4289-9F59-9873030A1C01}.Debug|x86.ActiveCfg = Debug|Any CPU
		{15ACCD64-7356-4289-9F59-9873030A1C01}.Debug|x86.Build.0 = Debug|Any CPU
		{15ACCD64-7356-4289-9F59-9873030A1C01}.Release|Any CPU.ActiveCfg = Release|Any CPU
		{15ACCD64-7356-4289-9F59-9873030A1C01}.Release|Any CPU.Build.0 = Release|Any CPU
		{15ACCD64-7356-4289-9F59-9873030A1C01}.Release|x64.ActiveCfg = Release|Any CPU
		{15ACCD64-7356-4289-9F59-9873030A1C01}.Release|x64.Build.0 = Release|Any CPU
		{15ACCD64-7356-4289-9F59-9873030A1C01}.Release|x86.ActiveCfg = Release|Any CPU
		{15ACCD64-7356-4289-9F59-9873030A1C01}.Release|x86.Build.0 = Release|Any CPU
	EndGlobalSection
	GlobalSection(SolutionProperties) = preSolution
		HideSolutionNode = FALSE
	EndGlobalSection
	GlobalSection(NestedProjects) = preSolution
		{AD2A5A3B-A595-3E96-334A-002D08FE630C} = {827E0CD3-B72D-47B6-A68D-7590B98EB39B}
		{1CD1D048-1538-3C47-C9CE-3A646DC9A60B} = {AD2A5A3B-A595-3E96-334A-002D08FE630C}
		{0688AFF2-BE7D-1C41-F5D4-768D7C5CB6D8} = {1CD1D048-1538-3C47-C9CE-3A646DC9A60B}
		{DA4D4FD2-6A33-46D4-9777-524B08381851} = {0688AFF2-BE7D-1C41-F5D4-768D7C5CB6D8}
		{843C0074-D834-1957-A4FE-948202B0C835} = {0AB3BF05-4346-4AA6-1389-037BE0695223}
		{2CA5A1A3-2ED8-45FE-B537-91241B128444} = {843C0074-D834-1957-A4FE-948202B0C835}
		{5EBC8280-48F3-89E8-F3D7-7723E02A12F4} = {1CD1D048-1538-3C47-C9CE-3A646DC9A60B}
		{D5B1BF7B-1874-45EF-926C-3138CB4AC9DC} = {5EBC8280-48F3-89E8-F3D7-7723E02A12F4}
		{23742904-1C58-4EF6-A7BF-4F3EDF787006} = {5EBC8280-48F3-89E8-F3D7-7723E02A12F4}
		{80FE7271-6278-449F-B409-4F803E511BD7} = {5EBC8280-48F3-89E8-F3D7-7723E02A12F4}
		{D21E9CFE-745F-432F-9653-8C2C360853D6} = {5EBC8280-48F3-89E8-F3D7-7723E02A12F4}
		{0291E6B2-C61A-4614-A84A-B6136010667A} = {843C0074-D834-1957-A4FE-948202B0C835}
		{1102D850-A191-4441-A9E1-68B4AC45A073} = {0688AFF2-BE7D-1C41-F5D4-768D7C5CB6D8}
		{11B46EE4-A4E3-4F0E-9EA9-E2F350AFD1A3} = {0688AFF2-BE7D-1C41-F5D4-768D7C5CB6D8}
		{6A2001C4-B321-DDA6-5412-749E6B511495} = {1CD1D048-1538-3C47-C9CE-3A646DC9A60B}
		{ACC81701-C926-4EB2-A221-91DD2D7D7BFA} = {6A2001C4-B321-DDA6-5412-749E6B511495}
		{8CBA17D7-AE7C-4328-8C09-CB9B2331A78F} = {6A2001C4-B321-DDA6-5412-749E6B511495}
		{CEDCD01C-CCAE-4D05-B150-76850256453A} = {6A2001C4-B321-DDA6-5412-749E6B511495}
		{15ACCD64-7356-4289-9F59-9873030A1C01} = {6A2001C4-B321-DDA6-5412-749E6B511495}
	EndGlobalSection
EndGlobal
